
Microsoft Visual Studio Solution File, Format Version 12.00
# Visual Studio Version 16
VisualStudioVersion = 16.0.29102.190
MinimumVisualStudioVersion = 10.0.40219.1
Project("{FAE04EC0-301F-11D3-BF4B-00C04F79EFBC}") = "HeadFirst--Laboratory2", "HeadFirst--Laboratory2.csproj", "{50536214-FBF6-449B-A4EE-2D5400D98350}"
EndProject
Global
	GlobalSection(SolutionConfigurationPlatforms) = preSolution
		Debug|Any CPU = Debug|Any CPU
		Release|Any CPU = Release|Any CPU
	EndGlobalSection
	GlobalSection(ProjectConfigurationPlatforms) = postSolution
		{50536214-FBF6-449B-A4EE-2D5400D98350}.Debug|Any CPU.ActiveCfg = Debug|Any CPU
		{50536214-FBF6-449B-A4EE-2D5400D98350}.Debug|Any CPU.Build.0 = Debug|Any CPU
		{50536214-FBF6-449B-A4EE-2D5400D98350}.Release|Any CPU.ActiveCfg = Release|Any CPU
		{50536214-FBF6-449B-A4EE-2D5400D98350}.Release|Any CPU.Build.0 = Release|Any CPU
	EndGlobalSection
	GlobalSection(SolutionProperties) = preSolution
		HideSolutionNode = FALSE
	EndGlobalSection
	GlobalSection(ExtensibilityGlobals) = postSolution
		SolutionGuid = {139AE621-6E33-4988-9D94-1CECFE8F5871}
	EndGlobalSection
EndGlobal
